# THIS IS AN AUTOGENERATED FILE. DO NOT EDIT THIS FILE DIRECTLY.
# yarn lockfile v1


"@fortawesome/fontawesome-free@^5.15.1":
  version "5.15.4"
  resolved "https://registry.npmjs.org/@fortawesome/fontawesome-free/-/fontawesome-free-5.15.4.tgz"
  integrity sha512-eYm8vijH/hpzr/6/1CJ/V/Eb1xQFW2nnUKArb3z+yUWv7HTwj6M7SP957oMjfZjAHU6qpoNc2wQvIxBLWYa/Jg==

argparse@^2.0.1:
  version "2.0.1"
  resolved "https://registry.npmjs.org/argparse/-/argparse-2.0.1.tgz"
  integrity sha512-8+9WqebbFzpX9OR+Wa6O29asIogeRMzcGtAINdpMHHyAg10f05aSFVBbcEqGf/PXw1EjAZ+q2/bEBg3DvurK3Q==

bootstrap-icons@^1.1.0:
  version "1.1.0"
  resolved "https://registry.npmjs.org/bootstrap-icons/-/bootstrap-icons-1.1.0.tgz"
  integrity sha512-z5wWjw+SGLdDdP9R5qqEYSi+yRJOeOwlGW83VNftMO+jIgW/rtxHk3LI8sRxPYZEB0G+btJaEiUKLKsx3Mlycg==

bootstrap@^4.5.3, "bootstrap@>= 3.0.0":
  version "4.5.3"
  resolved "https://registry.npmjs.org/bootstrap/-/bootstrap-4.5.3.tgz"
  integrity sha512-o9ppKQioXGqhw8Z7mah6KdTYpNQY//tipnkxppWhPbiSWdD+1raYsnhwEZjkTHYbGee4cVQ0Rx65EhOY/HNLcQ==

eastasianwidth@~0.2.0:
  version "0.2.0"
  resolved "https://registry.npmjs.org/eastasianwidth/-/eastasianwidth-0.2.0.tgz"
  integrity sha512-I88TYZWc9XiYHRQ4/3c5rjjfgkjhLyW2luGIheGERbNQ6OY7yTybanSpDXZa8y7VUP9YmDcYa+eyq4ca7iLqWA==

entities@~2.1.0:
  version "2.1.0"
  resolved "https://registry.npmjs.org/entities/-/entities-2.1.0.tgz"
  integrity sha512-hCx1oky9PFrJ611mf0ifBLBRW8lUUVRlFolb5gWRfIELabBlbp9xZvrqZLZAs+NxFnbfQoeGd8wDkygjg7U85w==

highlight@^0.2.4:
  version "0.2.4"
  resolved "https://registry.npmjs.org/highlight/-/highlight-0.2.4.tgz"
  integrity sha512-TEcWU6BolpDYIaVD91KmaYe/kRZwOmQlLWZGO8DK+Cs555+7mawk2KUnF/dBwcLnrvlCDk/xC+BXfz7Zva+Jfg==

inter-ui@^3.15.0:
  version "3.19.3"
  resolved "https://registry.npmjs.org/inter-ui/-/inter-ui-3.19.3.tgz"
  integrity sha512-5FG9fjuYOXocIfjzcCBhICL5cpvwEetseL3FU6tP3d6Bn7g8wODhB+I9RNGRTizCT7CUG4GOK54OPxqq3msQgg==

jquery@^3.5.1, "jquery@>= 1.9.0", "jquery@1.9.1 - 3":
  version "3.5.1"
  resolved "https://registry.npmjs.org/jquery/-/jquery-3.5.1.tgz"
  integrity sha512-XwIBPqcMn57FxfT+Go5pzySnm4KWkT1Tv7gjrpT1srtf8Weynl6R273VJ5GjkRb51IzMp5nbaPjJXMWeju2MKg==

krajee-markdown-editor@kartik-v/krajee-markdown-editor:
  version "1.0.0"
  resolved "git+ssh://git@github.com/kartik-v/krajee-markdown-editor.git#f6c39b267517af7833deac0a47ec815af0f243a3"
  integrity sha512-ItYViXN7ZRyg/CtKDJpwG5q1mLofGEz8OAFn60853/5PZTqC/JoHKc6hcTv2ueI6pdjzD6R1f6Y62nLbhvCWqg==
  dependencies:
    bootstrap ">= 3.0.0"
    jquery ">= 1.9.0"

linkify-it@^3.0.1:
  version "3.0.3"
  resolved "https://registry.npmjs.org/linkify-it/-/linkify-it-3.0.3.tgz"
  integrity sha512-ynTsyrFSdE5oZ/O9GEf00kPngmOfVwazR5GKDq6EYfhlpFug3J2zybX56a2PRRpc9P+FuSoGNAwjlbDs9jJBPQ==
  dependencies:
    uc.micro "^1.0.1"

markdown-it-abbr@^1.0.4:
  version "1.0.4"
  resolved "https://registry.npmjs.org/markdown-it-abbr/-/markdown-it-abbr-1.0.4.tgz"
  integrity sha512-ZeA4Z4SaBbYysZap5iZcxKmlPL6bYA8grqhzJIHB1ikn7njnzaP8uwbtuXc4YXD5LicI4/2Xmc0VwmSiFV04gg==

markdown-it-checkbox@^1.1.0:
  version "1.1.0"
  resolved "https://registry.npmjs.org/markdown-it-checkbox/-/markdown-it-checkbox-1.1.0.tgz"
  integrity sha512-NkZVjnXo5G+cLNdi7DPZxICypBuxFE9F8sx3YGMZn+Cfizr8EZ/1TFUKl7ZnefF6cr1aFHbnQ5iA3rc4cp7EyA==
  dependencies:
    underscore "^1.8.2"

markdown-it-cjk-breaks@^1.1.3:
  version "1.1.3"
  resolved "https://registry.npmjs.org/markdown-it-cjk-breaks/-/markdown-it-cjk-breaks-1.1.3.tgz"
  integrity sha512-/gX3LueMp+5FdUkqcFPK5nHI6t85uq1rMv8yhrmCOZhU90XqybQj8OT1hVrxrdseajaHLPBK43xLzEKPosgTDA==
  dependencies:
    eastasianwidth "~0.2.0"

markdown-it-deflist@^2.1.0:
  version "2.1.0"
  resolved "https://registry.npmjs.org/markdown-it-deflist/-/markdown-it-deflist-2.1.0.tgz"
  integrity sha512-3OuqoRUlSxJiuQYu0cWTLHNhhq2xtoSFqsZK8plANg91+RJQU1ziQ6lA2LzmFAEes18uPBsHZpcX6We5l76Nzg==

markdown-it-footnote@^3.0.2:
  version "3.0.3"
  resolved "https://registry.npmjs.org/markdown-it-footnote/-/markdown-it-footnote-3.0.3.tgz"
  integrity sha512-YZMSuCGVZAjzKMn+xqIco9d1cLGxbELHZ9do/TSYVzraooV8ypsppKNmUJ0fVH5ljkCInQAtFpm8Rb3eXSrt5w==

markdown-it-ins@^3.0.0:
  version "3.0.1"
  resolved "https://registry.npmjs.org/markdown-it-ins/-/markdown-it-ins-3.0.1.tgz"
  integrity sha512-32SSfZqSzqyAmmQ4SHvhxbFqSzPDqsZgMHDwxqPzp+v+t8RsmqsBZRG+RfRQskJko9PfKC2/oxyOs4Yg/CfiRw==

markdown-it-mark@^3.0.0:
  version "3.0.1"
  resolved "https://registry.npmjs.org/markdown-it-mark/-/markdown-it-mark-3.0.1.tgz"
  integrity sha512-HyxjAu6BRsdt6Xcv6TKVQnkz/E70TdGXEFHRYBGLncRE9lBFwDNLVtFojKxjJWgJ+5XxUwLaHXy+2sGBbDn+4A==

markdown-it-smartarrows@^1.0.1:
  version "1.0.1"
  resolved "https://registry.npmjs.org/markdown-it-smartarrows/-/markdown-it-smartarrows-1.0.1.tgz"
  integrity sha512-LwWnlFyLY5ANjLR0a8BuLvQEm4Ri76IavQwqTnpquSiMoE3JXefk5Pu7nD5VKn784bgLqL3sexdt/j8GwuLgOw==

markdown-it-sub@^1.0.0:
  version "1.0.0"
  resolved "https://registry.npmjs.org/markdown-it-sub/-/markdown-it-sub-1.0.0.tgz"
  integrity sha512-z2Rm/LzEE1wzwTSDrI+FlPEveAAbgdAdPhdWarq/ZGJrGW/uCQbKAnhoCsE4hAbc3SEym26+W2z/VQB0cQiA9Q==

markdown-it-sup@^1.0.0:
  version "1.0.0"
  resolved "https://registry.npmjs.org/markdown-it-sup/-/markdown-it-sup-1.0.0.tgz"
  integrity sha512-E32m0nV9iyhRR7CrhnzL5msqic7rL1juWre6TQNxsnApg7Uf+F97JOKxUijg5YwXz86lZ0mqfOnutoryyNdntQ==

markdown-it@^12.0.3:
  version "12.3.2"
  resolved "https://registry.npmjs.org/markdown-it/-/markdown-it-12.3.2.tgz"
  integrity sha512-TchMembfxfNVpHkbtriWltGWc+m3xszaRD0CZup7GFFhzIgQqxIfn3eGj1yZpfuflzPvfkt611B2Q/Bsk1YnGg==
  dependencies:
    argparse "^2.0.1"
    entities "~2.1.0"
    linkify-it "^3.0.1"
    mdurl "^1.0.1"
    uc.micro "^1.0.5"

mdurl@^1.0.1:
  version "1.0.1"
  resolved "https://registry.npmjs.org/mdurl/-/mdurl-1.0.1.tgz"
  integrity sha512-/sKlQJCBYVY9Ers9hqzKou4H6V5UWc/M59TH2dvkt+84itfnq7uFOMLpOiOS4ujvHP4etln18fmIxA5R5fll0g==

one-validation@2.0.0:
  version "2.0.0"
  resolved "https://registry.npmjs.org/one-validation/-/one-validation-2.0.0.tgz"
  integrity sha512-2/4r2sZiz39jlCQ3yTMS+STzGi9mIkb1J+6Lc/zEmuaEojRUULcdF880+P2VBfOoPX6CRpaJXnGbKRlref8T1w==

popper.js@^1.16.1:
  version "1.16.1"
  resolved "https://registry.npmjs.org/popper.js/-/popper.js-1.16.1.tgz"
  integrity sha512-Wb4p1J4zyFTbM+u6WuO4XstYx4Ky9Cewe4DWrel7B0w6VVICvPwdOpotjzcf6eD8TsckVnIMNONQyPIUFOUbCQ==

punycode@1.3.0:
  version "1.3.0"
  resolved "https://registry.npmjs.org/punycode/-/punycode-1.3.0.tgz"
  integrity sha512-dQN3nR/bArA9w2a4MdkxuRtnIL5nmKh5YDnD2FAN9tc5OSTMZImoS42dI4CneIJmKECLpAriSojg5nZlqbygoQ==

purify@^3.4.0:
  version "3.4.0"
  resolved "https://registry.npmjs.org/purify/-/purify-3.4.0.tgz"
  integrity sha512-yydO0EnYrNDlML0cyvUc/XJhi/sQe8AqRCxLib5AHz1WgykD98EahyZWZhGG2rw5yYF59LQ8KPBdVMPQpf/Fbw==
  dependencies:
    one-validation "2.0.0"
    punycode "1.3.0"
    unicoderegexp "0.3.0"

uc.micro@^1.0.1, uc.micro@^1.0.5:
  version "1.0.6"
  resolved "https://registry.npmjs.org/uc.micro/-/uc.micro-1.0.6.tgz"
  integrity sha512-8Y75pvTYkLJW2hWQHXxoqRgV7qb9B+9vFEtidML+7koHUFapnVJAZ6cKs+Qjz5Aw3aZWHMC6u0wJE3At+nSGwA==

underscore@^1.8.2:
  version "1.13.6"
  resolved "https://registry.npmjs.org/underscore/-/underscore-1.13.6.tgz"
  integrity sha512-+A5Sja4HP1M08MaXya7p5LvjuM7K6q/2EaC0+iovj/wOcMsTzMvDFbasi/oSapiwOlt252IqsKqPjCl7huKS0A==

unicoderegexp@0.3.0:
  version "0.3.0"
  resolved "https://registry.npmjs.org/unicoderegexp/-/unicoderegexp-0.3.0.tgz"
  integrity sha512-3Duh920PftIO5SxFSCOuEnbekoMf+O31i8vSOuut0bKcQfkI2pXp6HD92Tb05oJfGa9Wq4v4BHUPyEUnnaHkXA==

viewerjs@^1.11.3:
  version "1.11.3"
  resolved "https://registry.npmjs.org/viewerjs/-/viewerjs-1.11.3.tgz"
  integrity sha512-efG3U61Umuj/1x6JAtdvnY9m407C/RkrkFilsMcLEWKDivpjNU3/FeL+feCY1Vkur9aQeBJ+z6K4CCPP7hv6vA==

yarn@^1.22.19:
  version "1.22.19"
  resolved "https://registry.npmjs.org/yarn/-/yarn-1.22.19.tgz"
  integrity sha512-/0V5q0WbslqnwP91tirOvldvYISzaqhClxzyUKXYxs07yUILIs5jx/k6CFe8bvKSkds5w+eiOqta39Wk3WxdcQ==
