# THIS IS AN AUTOGENERATED FILE. DO NOT EDIT THIS FILE DIRECTLY.
# yarn lockfile v1


"@fortawesome/fontawesome-free@^5.15.1":
  version "5.15.1"
  resolved "https://registry.yarnpkg.com/@fortawesome/fontawesome-free/-/fontawesome-free-5.15.1.tgz#ccfef6ddbe59f8fe8f694783e1d3eb88902dc5eb"
  integrity sha512-OEdH7SyC1suTdhBGW91/zBfR6qaIhThbcN8PUXtXilY4GYnSBbVqOntdHbC1vXwsDnX0Qix2m2+DSU1J51ybOQ==

argparse@^2.0.1:
  version "2.0.1"
  resolved "https://registry.yarnpkg.com/argparse/-/argparse-2.0.1.tgz#246f50f3ca78a3240f6c997e8a9bd1eac49e4b38"
  integrity sha512-8+9WqebbFzpX9OR+Wa6O29asIogeRMzcGtAINdpMHHyAg10f05aSFVBbcEqGf/PXw1EjAZ+q2/bEBg3DvurK3Q==

bootstrap-icons@^1.1.0:
  version "1.1.0"
  resolved "https://registry.yarnpkg.com/bootstrap-icons/-/bootstrap-icons-1.1.0.tgz#8f2e268a563e3056723171dfd1c5f78a8c3e1677"
  integrity sha512-z5wWjw+SGLdDdP9R5qqEYSi+yRJOeOwlGW83VNftMO+jIgW/rtxHk3LI8sRxPYZEB0G+btJaEiUKLKsx3Mlycg==

"bootstrap@>= 3.0.0", bootstrap@^4.5.3:
  version "4.5.3"
  resolved "https://registry.yarnpkg.com/bootstrap/-/bootstrap-4.5.3.tgz#c6a72b355aaf323920be800246a6e4ef30997fe6"
  integrity sha512-o9ppKQioXGqhw8Z7mah6KdTYpNQY//tipnkxppWhPbiSWdD+1raYsnhwEZjkTHYbGee4cVQ0Rx65EhOY/HNLcQ==

eastasianwidth@~0.2.0:
  version "0.2.0"
  resolved "https://registry.yarnpkg.com/eastasianwidth/-/eastasianwidth-0.2.0.tgz#696ce2ec0aa0e6ea93a397ffcf24aa7840c827cb"
  integrity sha512-I88TYZWc9XiYHRQ4/3c5rjjfgkjhLyW2luGIheGERbNQ6OY7yTybanSpDXZa8y7VUP9YmDcYa+eyq4ca7iLqWA==

entities@~2.1.0:
  version "2.1.0"
  resolved "https://registry.yarnpkg.com/entities/-/entities-2.1.0.tgz#992d3129cf7df6870b96c57858c249a120f8b8b5"
  integrity sha512-hCx1oky9PFrJ611mf0ifBLBRW8lUUVRlFolb5gWRfIELabBlbp9xZvrqZLZAs+NxFnbfQoeGd8wDkygjg7U85w==

highlight@^0.2.4:
  version "0.2.4"
  resolved "https://registry.yarnpkg.com/highlight/-/highlight-0.2.4.tgz#8ac02875b03f5935e0675852b76cfe1fd58e0dff"
  integrity sha1-isAodbA/WTXgZ1hSt2z+H9WODf8=

inter-ui@^3.15.0:
  version "3.15.0"
  resolved "https://registry.yarnpkg.com/inter-ui/-/inter-ui-3.15.0.tgz#05f9a13e59c7c513cedc907d244809231a79f889"
  integrity sha512-6v0WK8FHkVYbNQZ7L9O5tP8280pgTBR9ydxqYwssMuUH6SZO70ZFK/NQ1Ob8nNmOOzpUJAzT0WE73ty96z1tAQ==

"jquery@>= 1.9.0", jquery@^3.5.1:
  version "3.5.1"
  resolved "https://registry.yarnpkg.com/jquery/-/jquery-3.5.1.tgz#d7b4d08e1bfdb86ad2f1a3d039ea17304717abb5"
  integrity sha512-XwIBPqcMn57FxfT+Go5pzySnm4KWkT1Tv7gjrpT1srtf8Weynl6R273VJ5GjkRb51IzMp5nbaPjJXMWeju2MKg==

krajee-markdown-editor@kartik-v/krajee-markdown-editor:
  version "1.0.0"
  resolved "https://codeload.github.com/kartik-v/krajee-markdown-editor/tar.gz/f6c39b267517af7833deac0a47ec815af0f243a3"
  dependencies:
    bootstrap ">= 3.0.0"
    jquery ">= 1.9.0"

linkify-it@^3.0.1:
  version "3.0.2"
  resolved "https://registry.yarnpkg.com/linkify-it/-/linkify-it-3.0.2.tgz#f55eeb8bc1d3ae754049e124ab3bb56d97797fb8"
  integrity sha512-gDBO4aHNZS6coiZCKVhSNh43F9ioIL4JwRjLZPkoLIY4yZFwg264Y5lu2x6rb1Js42Gh6Yqm2f6L2AJcnkzinQ==
  dependencies:
    uc.micro "^1.0.1"

markdown-it-abbr@^1.0.4:
  version "1.0.4"
  resolved "https://registry.yarnpkg.com/markdown-it-abbr/-/markdown-it-abbr-1.0.4.tgz#d66b5364521cbb3dd8aa59dadfba2fb6865c8fd8"
  integrity sha1-1mtTZFIcuz3Yqlna37ovtoZcj9g=

markdown-it-checkbox@^1.1.0:
  version "1.1.0"
  resolved "https://registry.yarnpkg.com/markdown-it-checkbox/-/markdown-it-checkbox-1.1.0.tgz#20cff97f33d77d172f9dcf1bcfc92cecc5330fac"
  integrity sha1-IM/5fzPXfRcvnc8bz8ks7MUzD6w=
  dependencies:
    underscore "^1.8.2"

markdown-it-cjk-breaks@^1.1.3:
  version "1.1.3"
  resolved "https://registry.yarnpkg.com/markdown-it-cjk-breaks/-/markdown-it-cjk-breaks-1.1.3.tgz#11cf76ab271f68b5ae0c6747747f404631b73545"
  integrity sha512-/gX3LueMp+5FdUkqcFPK5nHI6t85uq1rMv8yhrmCOZhU90XqybQj8OT1hVrxrdseajaHLPBK43xLzEKPosgTDA==
  dependencies:
    eastasianwidth "~0.2.0"

markdown-it-deflist@^2.1.0:
  version "2.1.0"
  resolved "https://registry.yarnpkg.com/markdown-it-deflist/-/markdown-it-deflist-2.1.0.tgz#50d7a56b9544cd81252f7623bd785e28a8dcef5c"
  integrity sha512-3OuqoRUlSxJiuQYu0cWTLHNhhq2xtoSFqsZK8plANg91+RJQU1ziQ6lA2LzmFAEes18uPBsHZpcX6We5l76Nzg==

markdown-it-footnote@^3.0.2:
  version "3.0.2"
  resolved "https://registry.yarnpkg.com/markdown-it-footnote/-/markdown-it-footnote-3.0.2.tgz#1575ee7a093648d4e096aa33386b058d92ac8bc1"
  integrity sha512-JVW6fCmZWjvMdDQSbOT3nnOQtd9iAXmw7hTSh26+v42BnvXeVyGMDBm5b/EZocMed2MbCAHiTX632vY0FyGB8A==

markdown-it-ins@^3.0.0:
  version "3.0.0"
  resolved "https://registry.yarnpkg.com/markdown-it-ins/-/markdown-it-ins-3.0.0.tgz#b1b56824c78dc66e52b0fc97531b317cd78d79d2"
  integrity sha512-+vyAdBuMGwmT2yMlAFJSx2VR/0QZ1onQ/Mkkmr4l9tDFOh5sVoAgRbkgbuSsk+sxJ9vaMH/IQ323ydfvQrPO/Q==

markdown-it-mark@^3.0.0:
  version "3.0.0"
  resolved "https://registry.yarnpkg.com/markdown-it-mark/-/markdown-it-mark-3.0.0.tgz#27c3e39ef3cc310b2dde5375082c9fa912983cda"
  integrity sha512-HqMWeKfMMOu4zBO0emmxsoMWmbf2cPKZY1wP6FsTbKmicFfp5y4L3KXAsNeO1rM6NTJVOrNlLKMPjWzriBGspw==

markdown-it-smartarrows@^1.0.1:
  version "1.0.1"
  resolved "https://registry.yarnpkg.com/markdown-it-smartarrows/-/markdown-it-smartarrows-1.0.1.tgz#b570e9c0ff9812e0db6ace19afa5ba12b64bb9a7"
  integrity sha1-tXDpwP+YEuDbas4Zr6W6ErZLuac=

markdown-it-sub@^1.0.0:
  version "1.0.0"
  resolved "https://registry.yarnpkg.com/markdown-it-sub/-/markdown-it-sub-1.0.0.tgz#375fd6026eae7ddcb012497f6411195ea1e3afe8"
  integrity sha1-N1/WAm6ufdywEkl/ZBEZXqHjr+g=

markdown-it-sup@^1.0.0:
  version "1.0.0"
  resolved "https://registry.yarnpkg.com/markdown-it-sup/-/markdown-it-sup-1.0.0.tgz#cb9c9ff91a5255ac08f3fd3d63286e15df0a1fc3"
  integrity sha1-y5yf+RpSVawI8/09YyhuFd8KH8M=

markdown-it@^12.0.3:
  version "12.0.3"
  resolved "https://registry.yarnpkg.com/markdown-it/-/markdown-it-12.0.3.tgz#8d1e47daf1d716d63610495eb93f6665573e4abe"
  integrity sha512-M57RsMv+QQmJHz1yCu0gTJRMx/LlxRPtrrw+2kb/CpDVK/graCmWO0qfNnz/SE1FCNdyq3pkMMZ+itTnyT/YGA==
  dependencies:
    argparse "^2.0.1"
    entities "~2.1.0"
    linkify-it "^3.0.1"
    mdurl "^1.0.1"
    uc.micro "^1.0.5"

mdurl@^1.0.1:
  version "1.0.1"
  resolved "https://registry.yarnpkg.com/mdurl/-/mdurl-1.0.1.tgz#fe85b2ec75a59037f2adfec100fd6c601761152e"
  integrity sha1-/oWy7HWlkDfyrf7BAP1sYBdhFS4=

one-validation@2.0.0:
  version "2.0.0"
  resolved "https://registry.yarnpkg.com/one-validation/-/one-validation-2.0.0.tgz#250ba582f5f182f699d85a5f6a5078cc99a198a6"
  integrity sha1-JQulgvXxgvaZ2FpfalB4zJmhmKY=

popper.js@^1.16.1:
  version "1.16.1"
  resolved "https://registry.yarnpkg.com/popper.js/-/popper.js-1.16.1.tgz#2a223cb3dc7b6213d740e40372be40de43e65b1b"
  integrity sha512-Wb4p1J4zyFTbM+u6WuO4XstYx4Ky9Cewe4DWrel7B0w6VVICvPwdOpotjzcf6eD8TsckVnIMNONQyPIUFOUbCQ==

punycode@1.3.0:
  version "1.3.0"
  resolved "https://registry.yarnpkg.com/punycode/-/punycode-1.3.0.tgz#7f5009ef539b9444be5c7a19abd2c3ca49e1731c"
  integrity sha1-f1AJ71OblES+XHoZq9LDyknhcxw=

purify@^3.4.0:
  version "3.4.0"
  resolved "https://registry.yarnpkg.com/purify/-/purify-3.4.0.tgz#8917872fb698c797f7c8811de5da8ae6693e617f"
  integrity sha512-yydO0EnYrNDlML0cyvUc/XJhi/sQe8AqRCxLib5AHz1WgykD98EahyZWZhGG2rw5yYF59LQ8KPBdVMPQpf/Fbw==
  dependencies:
    one-validation "2.0.0"
    punycode "1.3.0"
    unicoderegexp "0.3.0"

uc.micro@^1.0.1, uc.micro@^1.0.5:
  version "1.0.6"
  resolved "https://registry.yarnpkg.com/uc.micro/-/uc.micro-1.0.6.tgz#9c411a802a409a91fc6cf74081baba34b24499ac"
  integrity sha512-8Y75pvTYkLJW2hWQHXxoqRgV7qb9B+9vFEtidML+7koHUFapnVJAZ6cKs+Qjz5Aw3aZWHMC6u0wJE3At+nSGwA==

underscore@^1.8.2:
  version "1.12.0"
  resolved "https://registry.yarnpkg.com/underscore/-/underscore-1.12.0.tgz#4814940551fc80587cef7840d1ebb0f16453be97"
  integrity sha512-21rQzss/XPMjolTiIezSu3JAjgagXKROtNrYFEOWK109qY1Uv2tVjPTZ1ci2HgvQDA16gHYSthQIJfB+XId/rQ==

unicoderegexp@0.3.0:
  version "0.3.0"
  resolved "https://registry.yarnpkg.com/unicoderegexp/-/unicoderegexp-0.3.0.tgz#955aa57166d960eec338f6c415ed0190cd53b0ca"
  integrity sha1-lVqlcWbZYO7DOPbEFe0BkM1TsMo=
